
Microsoft Visual Studio Solution File, Format Version 12.00
# Visual Studio Version 16
VisualStudioVersion = 16.0.31205.134
MinimumVisualStudioVersion = 10.0.40219.1
Project("{9A19103F-16F7-4668-BE54-9A1E7A4F7556}") = "Tomat.Logging", "Tomat.Logging.csproj", "{B845265C-8C8D-4F92-8108-602161D61F43}"
EndProject
Global
	GlobalSection(SolutionConfigurationPlatforms) = preSolution
		Debug|Any CPU = Debug|Any CPU
		Release|Any CPU = Release|Any CPU
	EndGlobalSection
	GlobalSection(ProjectConfigurationPlatforms) = postSolution
		{B845265C-8C8D-4F92-8108-602161D61F43}.Debug|Any CPU.ActiveCfg = Debug|Any CPU
		{B845265C-8C8D-4F92-8108-602161D61F43}.Debug|Any CPU.Build.0 = Debug|Any CPU
		{B845265C-8C8D-4F92-8108-602161D61F43}.Release|Any CPU.ActiveCfg = Release|Any CPU
		{B845265C-8C8D-4F92-8108-602161D61F43}.Release|Any CPU.Build.0 = Release|Any CPU
	EndGlobalSection
	GlobalSection(SolutionProperties) = preSolution
		HideSolutionNode = FALSE
	EndGlobalSection
	GlobalSection(ExtensibilityGlobals) = postSolution
		SolutionGuid = {F58E2DB1-7066-497C-B5A0-88426BD87C91}
	EndGlobalSection
EndGlobal
